
Microsoft Visual Studio Solution File, Format Version 12.00
# Visual Studio Version 17
VisualStudioVersion = 17.13.35828.75 d17.13
MinimumVisualStudioVersion = 10.0.40219.1
Project("{FAE04EC0-301F-11D3-BF4B-00C04F79EFBC}") = "StringLibrary", "StringLibrary\StringLibrary.csproj", "{15067D35-C323-4699-90C3-928A9F7138EB}"
EndProject
Project("{FAE04EC0-301F-11D3-BF4B-00C04F79EFBC}") = "ShowCase", "ShowCase\ShowCase.csproj", "{E9EE8872-1D58-4FF9-9602-309CCFC2FC2D}"
EndProject
Global
	GlobalSection(SolutionConfigurationPlatforms) = preSolution
		Debug|Any CPU = Debug|Any CPU
		Release|Any CPU = Release|Any CPU
	EndGlobalSection
	GlobalSection(ProjectConfigurationPlatforms) = postSolution
		{15067D35-C323-4699-90C3-928A9F7138EB}.Debug|Any CPU.ActiveCfg = Debug|Any CPU
		{15067D35-C323-4699-90C3-928A9F7138EB}.Debug|Any CPU.Build.0 = Debug|Any CPU
		{15067D35-C323-4699-90C3-928A9F7138EB}.Release|Any CPU.ActiveCfg = Release|Any CPU
		{15067D35-C323-4699-90C3-928A9F7138EB}.Release|Any CPU.Build.0 = Release|Any CPU
		{E9EE8872-1D58-4FF9-9602-309CCFC2FC2D}.Debug|Any CPU.ActiveCfg = Debug|Any CPU
		{E9EE8872-1D58-4FF9-9602-309CCFC2FC2D}.Debug|Any CPU.Build.0 = Debug|Any CPU
		{E9EE8872-1D58-4FF9-9602-309CCFC2FC2D}.Release|Any CPU.ActiveCfg = Release|Any CPU
		{E9EE8872-1D58-4FF9-9602-309CCFC2FC2D}.Release|Any CPU.Build.0 = Release|Any CPU
	EndGlobalSection
	GlobalSection(SolutionProperties) = preSolution
		HideSolutionNode = FALSE
	EndGlobalSection
	GlobalSection(ExtensibilityGlobals) = postSolution
		SolutionGuid = {4185EE6E-7229-4AB6-8330-D32D87AE39B1}
	EndGlobalSection
EndGlobal
